// !$*UTF8*$!
{
	archiveVersion = 1;
	classes = {
	};
	objectVersion = 46;
	objects = {

/* Begin PBXBuildFile section */
		87F3AE251F17543400694550 /* AppDelegate.swift in Sources */ = {isa = PBXBuildFile; fileRef = 87F3AE241F17543400694550 /* AppDelegate.swift */; };
		87F3AE271F17543400694550 /* DrawerViewController.swift in Sources */ = {isa = PBXBuildFile; fileRef = 87F3AE261F17543400694550 /* DrawerViewController.swift */; };
		87F3AE2A1F17543400694550 /* Main.storyboard in Resources */ = {isa = PBXBuildFile; fileRef = 87F3AE281F17543400694550 /* Main.storyboard */; };
		87F3AE2C1F17543400694550 /* Assets.xcassets in Resources */ = {isa = PBXBuildFile; fileRef = 87F3AE2B1F17543400694550 /* Assets.xcassets */; };
		87F3AE2F1F17543400694550 /* LaunchScreen.storyboard in Resources */ = {isa = PBXBuildFile; fileRef = 87F3AE2D1F17543400694550 /* LaunchScreen.storyboard */; };
		87F3AE371F1754B100694550 /* MainViewController.swift in Sources */ = {isa = PBXBuildFile; fileRef = 87F3AE361F1754B100694550 /* MainViewController.swift */; };
		87F3AE391F1754BA00694550 /* MenuViewController.swift in Sources */ = {isa = PBXBuildFile; fileRef = 87F3AE381F1754BA00694550 /* MenuViewController.swift */; };
/* End PBXBuildFile section */

/* Begin PBXFileReference section */
		87F3AE211F17543400694550 /* Drawer.app */ = {isa = PBXFileReference; explicitFileType = wrapper.application; includeInIndex = 0; path = Drawer.app; sourceTree = BUILT_PRODUCTS_DIR; };
		87F3AE241F17543400694550 /* AppDelegate.swift */ = {isa = PBXFileReference; lastKnownFileType = sourcecode.swift; path = AppDelegate.swift; sourceTree = "<group>"; };
		87F3AE261F17543400694550 /* DrawerViewController.swift */ = {isa = PBXFileReference; lastKnownFileType = sourcecode.swift; path = DrawerViewController.swift; sourceTree = "<group>"; };
		87F3AE291F17543400694550 /* Base */ = {isa = PBXFileReference; lastKnownFileType = file.storyboard; name = Base; path = Base.lproj/Main.storyboard; sourceTree = "<group>"; };
		87F3AE2B1F17543400694550 /* Assets.xcassets */ = {isa = PBXFileReference; lastKnownFileType = folder.assetcatalog; path = Assets.xcassets; sourceTree = "<group>"; };
		87F3AE2E1F17543400694550 /* Base */ = {isa = PBXFileReference; lastKnownFileType = file.storyboard; name = Base; path = Base.lproj/LaunchScreen.storyboard; sourceTree = "<group>"; };
		87F3AE301F17543400694550 /* Info.plist */ = {isa = PBXFileReference; lastKnownFileType = text.plist.xml; path = Info.plist; sourceTree = "<group>"; };
		87F3AE361F1754B100694550 /* MainViewController.swift */ = {isa = PBXFileReference; fileEncoding = 4; lastKnownFileType = sourcecode.swift; path = MainViewController.swift; sourceTree = "<group>"; };
		87F3AE381F1754BA00694550 /* MenuViewController.swift */ = {isa = PBXFileReference; fileEncoding = 4; lastKnownFileType = sourcecode.swift; path = MenuViewController.swift; sourceTree = "<group>"; };
/* End PBXFileReference section */

/* Begin PBXFrameworksBuildPhase section */
		87F3AE1E1F17543400694550 /* Frameworks */ = {
			isa = PBXFrameworksBuildPhase;
			buildActionMask = 2147483647;
			files = (
			);
			runOnlyForDeploymentPostprocessing = 0;
		};
/* End PBXFrameworksBuildPhase section */

/* Begin PBXGroup section */
		87F3AE181F17543400694550 = {
			isa = PBXGroup;
			children = (
				87F3AE231F17543400694550 /* Drawer */,
				87F3AE221F17543400694550 /* Products */,
			);
			sourceTree = "<group>";
		};
		87F3AE221F17543400694550 /* Products */ = {
			isa = PBXGroup;
			children = (
				87F3AE211F17543400694550 /* Drawer.app */,
			);
			name = Products;
			sourceTree = "<group>";
		};
		87F3AE231F17543400694550 /* Drawer */ = {
			isa = PBXGroup;
			children = (
				87F3AE241F17543400694550 /* AppDelegate.swift */,
				87F3AE261F17543400694550 /* DrawerViewController.swift */,
				87F3AE361F1754B100694550 /* MainViewController.swift */,
				87F3AE381F1754BA00694550 /* MenuViewController.swift */,
				87F3AE281F17543400694550 /* Main.storyboard */,
				87F3AE2B1F17543400694550 /* Assets.xcassets */,
				87F3AE2D1F17543400694550 /* LaunchScreen.storyboard */,
				87F3AE301F17543400694550 /* Info.plist */,
			);
			path = Drawer;
			sourceTree = "<group>";
		};
/* End PBXGroup section */

/* Begin PBXNativeTarget section */
		87F3AE201F17543400694550 /* Drawer */ = {
			isa = PBXNativeTarget;
			buildConfigurationList = 87F3AE331F17543400694550 /* Build configuration list for PBXNativeTarget "Drawer" */;
			buildPhases = (
				87F3AE1D1F17543400694550 /* Sources */,
				87F3AE1E1F17543400694550 /* Frameworks */,
				87F3AE1F1F17543400694550 /* Resources */,
			);
			buildRules = (
			);
			dependencies = (
			);
			name = Drawer;
			productName = Drawer;
			productReference = 87F3AE211F17543400694550 /* Drawer.app */;
			productType = "com.apple.product-type.application";
		};
/* End PBXNativeTarget section */

/* Begin PBXProject section */
		87F3AE191F17543400694550 /* Project object */ = {
			isa = PBXProject;
			attributes = {
				LastSwiftUpdateCheck = 0830;
				LastUpgradeCheck = 0830;
				ORGANIZATIONNAME = hezongjiang;
				TargetAttributes = {
					87F3AE201F17543400694550 = {
						CreatedOnToolsVersion = 8.3;
						DevelopmentTeam = 9BD4JA69D4;
						ProvisioningStyle = Automatic;
					};
				};
			};
			buildConfigurationList = 87F3AE1C1F17543400694550 /* Build configuration list for PBXProject "Drawer" */;
			compatibilityVersion = "Xcode 3.2";
			developmentRegion = English;
			hasScannedForEncodings = 0;
			knownRegions = (
				en,
				Base,
			);
			mainGroup = 87F3AE181F17543400694550;
			productRefGroup = 87F3AE221F17543400694550 /* Products */;
			projectDirPath = "";
			projectRoot = "";
			targets = (
				87F3AE201F17543400694550 /* Drawer */,
			);
		};
/* End PBXProject section */

/* Begin PBXResourcesBuildPhase section */
		87F3AE1F1F17543400694550 /* Resources */ = {
			isa = PBXResourcesBuildPhase;
			buildActionMask = 2147483647;
			files = (
				87F3AE2F1F17543400694550 /* LaunchScreen.storyboard in Resources */,
				87F3AE2C1F17543400694550 /* Assets.xcassets in Resources */,
				87F3AE2A1F17543400694550 /* Main.storyboard in Resources */,
			);
			runOnlyForDeploymentPostprocessing = 0;
		};
/* End PBXResourcesBuildPhase section */

/* Begin PBXSourcesBuildPhase section */
		87F3AE1D1F17543400694550 /* Sources */ = {
			isa = PBXSourcesBuildPhase;
			buildActionMask = 2147483647;
			files = (
				87F3AE371F1754B100694550 /* MainViewController.swift in Sources */,
				87F3AE271F17543400694550 /* DrawerViewController.swift in Sources */,
				87F3AE251F17543400694550 /* AppDelegate.swift in Sources */,
				87F3AE391F1754BA00694550 /* MenuViewController.swift in Sources */,
			);
			runOnlyForDeploymentPostprocessing = 0;
		};
/* End PBXSourcesBuildPhase section */

/* Begin PBXVariantGroup section */
		87F3AE281F17543400694550 /* Main.storyboard */ = {
			isa = PBXVariantGroup;
			children = (
				87F3AE291F17543400694550 /* Base */,
			);
			name = Main.storyboard;
			sourceTree = "<group>";
		};
		87F3AE2D1F17543400694550 /* LaunchScreen.storyboard */ = {
			isa = PBXVariantGroup;
			children = (
				87F3AE2E1F17543400694550 /* Base */,
			);
			name = LaunchScreen.storyboard;
			sourceTree = "<group>";
		};
/* End PBXVariantGroup section */

/* Begin XCBuildConfiguration section */
		87F3AE311F17543400694550 /* Debug */ = {
			isa = XCBuildConfiguration;
			buildSettings = {
				ALWAYS_SEARCH_USER_PATHS = NO;
				CLANG_ANALYZER_NONNULL = YES;
				CLANG_ANALYZER_NUMBER_OBJECT_CONVERSION = YES_AGGRESSIVE;
				CLANG_CXX_LANGUAGE_STANDARD = "gnu++0x";
				CLANG_CXX_LIBRARY = "libc++";
				CLANG_ENABLE_MODULES = YES;
				CLANG_ENABLE_OBJC_ARC = YES;
				CLANG_WARN_BOOL_CONVERSION = YES;
				CLANG_WARN_CONSTANT_CONVERSION = YES;
				CLANG_WARN_DIRECT_OBJC_ISA_USAGE = YES_ERROR;
				CLANG_WARN_DOCUMENTATION_COMMENTS = YES;
				CLANG_WARN_EMPTY_BODY = YES;
				CLANG_WARN_ENUM_CONVERSION = YES;
				CLANG_WARN_INFINITE_RECURSION = YES;
				CLANG_WARN_INT_CONVERSION = YES;
				CLANG_WARN_OBJC_ROOT_CLASS = YES_ERROR;
				CLANG_WARN_SUSPICIOUS_MOVE = YES;
				CLANG_WARN_UNREACHABLE_CODE = YES;
				CLANG_WARN__DUPLICATE_METHOD_MATCH = YES;
				"CODE_SIGN_IDENTITY[sdk=iphoneos*]" = "iPhone Developer";
				COPY_PHASE_STRIP = NO;
				DEBUG_INFORMATION_FORMAT = dwarf;
				ENABLE_STRICT_OBJC_MSGSEND = YES;
				ENABLE_TESTABILITY = YES;
				GCC_C_LANGUAGE_STANDARD = gnu99;
				GCC_DYNAMIC_NO_PIC = NO;
				GCC_NO_COMMON_BLOCKS = YES;
				GCC_OPTIMIZATION_LEVEL = 0;
				GCC_PREPROCESSOR_DEFINITIONS = (
					"DEBUG=1",
					"$(inherited)",
				);
				GCC_WARN_64_TO_32_BIT_CONVERSION = YES;
				GCC_WARN_ABOUT_RETURN_TYPE = YES_ERROR;
				GCC_WARN_UNDECLARED_SELECTOR = YES;
				GCC_WARN_UNINITIALIZED_AUTOS = YES_AGGRESSIVE;
				GCC_WARN_UNUSED_FUNCTION = YES;
				GCC_WARN_UNUSED_VARIABLE = YES;
				IPHONEOS_DEPLOYMENT_TARGET = 10.3;
				MTL_ENABLE_DEBUG_INFO = YES;
				ONLY_ACTIVE_ARCH = YES;
				SDKROOT = iphoneos;
				SWIFT_ACTIVE_COMPILATION_CONDITIONS = DEBUG;
				SWIFT_OPTIMIZATION_LEVEL = "-Onone";
				TARGETED_DEVICE_FAMILY = "1,2";
			};
			name = Debug;
		};
		87F3AE321F17543400694550 /* Release */ = {
			isa = XCBuildConfiguration;
			buildSettings = {
				ALWAYS_SEARCH_USER_PATHS = NO;
				CLANG_ANALYZER_NONNULL = YES;
				CLANG_ANALYZER_NUMBER_OBJECT_CONVERSION = YES_AGGRESSIVE;
				CLANG_CXX_LANGUAGE_STANDARD = "gnu++0x";
				CLANG_CXX_LIBRARY = "libc++";
				CLANG_ENABLE_MODULES = YES;
				CLANG_ENABLE_OBJC_ARC = YES;
				CLANG_WARN_BOOL_CONVERSION = YES;
				CLANG_WARN_CONSTANT_CONVERSION = YES;
				CLANG_WARN_DIRECT_OBJC_ISA_USAGE = YES_ERROR;
				CLANG_WARN_DOCUMENTATION_COMMENTS = YES;
				CLANG_WARN_EMPTY_BODY = YES;
				CLANG_WARN_ENUM_CONVERSION = YES;
				CLANG_WARN_INFINITE_RECURSION = YES;
				CLANG_WARN_INT_CONVERSION = YES;
				CLANG_WARN_OBJC_ROOT_CLASS = YES_ERROR;
				CLANG_WARN_SUSPICIOUS_MOVE = YES;
				CLANG_WARN_UNREACHABLE_CODE = YES;
				CLANG_WARN__DUPLICATE_METHOD_MATCH = YES;
				"CODE_SIGN_IDENTITY[sdk=iphoneos*]" = "iPhone Developer";
				COPY_PHASE_STRIP = NO;
				DEBUG_INFORMATION_FORMAT = "dwarf-with-dsym";
				ENABLE_NS_ASSERTIONS = NO;
				ENABLE_STRICT_OBJC_MSGSEND = YES;
				GCC_C_LANGUAGE_STANDARD = gnu99;
				GCC_NO_COMMON_BLOCKS = YES;
				GCC_WARN_64_TO_32_BIT_CONVERSION = YES;
				GCC_WARN_ABOUT_RETURN_TYPE = YES_ERROR;
				GCC_WARN_UNDECLARED_SELECTOR = YES;
				GCC_WARN_UNINITIALIZED_AUTOS = YES_AGGRESSIVE;
				GCC_WARN_UNUSED_FUNCTION = YES;
				GCC_WARN_UNUSED_VARIABLE = YES;
				IPHONEOS_DEPLOYMENT_TARGET = 10.3;
				MTL_ENABLE_DEBUG_INFO = NO;
				SDKROOT = iphoneos;
				SWIFT_OPTIMIZATION_LEVEL = "-Owholemodule";
				TARGETED_DEVICE_FAMILY = "1,2";
				VALIDATE_PRODUCT = YES;
			};
			name = Release;
		};
		87F3AE341F17543400694550 /* Debug */ = {
			isa = XCBuildConfiguration;
			buildSettings = {
				ASSETCATALOG_COMPILER_APPICON_NAME = AppIcon;
				DEVELOPMENT_TEAM = 9BD4JA69D4;
				INFOPLIST_FILE = Drawer/Info.plist;
				IPHONEOS_DEPLOYMENT_TARGET = 8.0;
				LD_RUNPATH_SEARCH_PATHS = "$(inherited) @executable_path/Frameworks";
				PRODUCT_BUNDLE_IDENTIFIER = kfit.Drawer;
				PRODUCT_NAME = "$(TARGET_NAME)";
				SWIFT_VERSION = 3.0;
			};
			name = Debug;
		};
		87F3AE351F17543400694550 /* Release */ = {
			isa = XCBuildConfiguration;
			buildSettings = {
				ASSETCATALOG_COMPILER_APPICON_NAME = AppIcon;
				DEVELOPMENT_TEAM = 9BD4JA69D4;
				INFOPLIST_FILE = Drawer/Info.plist;
				IPHONEOS_DEPLOYMENT_TARGET = 8.0;
				LD_RUNPATH_SEARCH_PATHS = "$(inherited) @executable_path/Frameworks";
				PRODUCT_BUNDLE_IDENTIFIER = kfit.Drawer;
				PRODUCT_NAME = "$(TARGET_NAME)";
				SWIFT_VERSION = 3.0;
			};
			name = Release;
		};
/* End XCBuildConfiguration section */

/* Begin XCConfigurationList section */
		87F3AE1C1F17543400694550 /* Build configuration list for PBXProject "Drawer" */ = {
			isa = XCConfigurationList;
			buildConfigurations = (
				87F3AE311F17543400694550 /* Debug */,
				87F3AE321F17543400694550 /* Release */,
			);
			defaultConfigurationIsVisible = 0;
			defaultConfigurationName = Release;
		};
		87F3AE331F17543400694550 /* Build configuration list for PBXNativeTarget "Drawer" */ = {
			isa = XCConfigurationList;
			buildConfigurations = (
				87F3AE341F17543400694550 /* Debug */,
				87F3AE351F17543400694550 /* Release */,
			);
			defaultConfigurationIsVisible = 0;
		};
/* End XCConfigurationList section */
	};
	rootObject = 87F3AE191F17543400694550 /* Project object */;
}
